
Microsoft Visual Studio Solution File, Format Version 12.00
# Visual Studio Version 17
VisualStudioVersion = 17.11.35303.130
MinimumVisualStudioVersion = 10.0.40219.1
Project("{9A19103F-16F7-4668-BE54-9A1E7A4F7556}") = "BookLibraryAPI", "BookLibraryAPI\BookLibraryAPI.csproj", "{A13BE9DA-C447-4AA2-9ABD-C356B31B4881}"
EndProject
Project("{9A19103F-16F7-4668-BE54-9A1E7A4F7556}") = "BookLibraryClient", "BookLibraryClient\BookLibraryClient.csproj", "{4AA3654E-4EE9-4538-B2F8-6C93280137D4}"
EndProject
Project("{9A19103F-16F7-4668-BE54-9A1E7A4F7556}") = "BookLibraryWebAPITests", "BookLibraryWebAPITests\BookLibraryWebAPITests.csproj", "{D2437300-1590-4313-9206-503BA1E42A2F}"
	ProjectSection(ProjectDependencies) = postProject
		{A13BE9DA-C447-4AA2-9ABD-C356B31B4881} = {A13BE9DA-C447-4AA2-9ABD-C356B31B4881}
	EndProjectSection
EndProject
Project("{2150E333-8FDC-42A3-9474-1A3956D46DE8}") = "Элементы решения", "Элементы решения", "{CE1D42AE-F614-42E3-AAF4-B6EA69FF9210}"
	ProjectSection(SolutionItems) = preProject
		docker-compose.yml = docker-compose.yml
		Dockerfile = Dockerfile
	EndProjectSection
EndProject
Project("{FAE04EC0-301F-11D3-BF4B-00C04F79EFBC}") = "BookLibraryBusinessLogicClassLibrary", "BookLibraryBusinessLogicClassLibrary\BookLibraryBusinessLogicClassLibrary.csproj", "{FE01F52E-6592-4301-B208-266FAAEA5CC7}"
EndProject
Project("{FAE04EC0-301F-11D3-BF4B-00C04F79EFBC}") = "BookLibraryDataAccessClassLibrary", "BookLibraryDataAccessClassLibrary\BookLibraryDataAccessClassLibrary.csproj", "{71FA30C5-3EE2-414B-8196-6B3E1FBAFE38}"
EndProject
Global
	GlobalSection(SolutionConfigurationPlatforms) = preSolution
		Debug|Any CPU = Debug|Any CPU
		Release|Any CPU = Release|Any CPU
	EndGlobalSection
	GlobalSection(ProjectConfigurationPlatforms) = postSolution
		{A13BE9DA-C447-4AA2-9ABD-C356B31B4881}.Debug|Any CPU.ActiveCfg = Debug|Any CPU
		{A13BE9DA-C447-4AA2-9ABD-C356B31B4881}.Debug|Any CPU.Build.0 = Debug|Any CPU
		{A13BE9DA-C447-4AA2-9ABD-C356B31B4881}.Release|Any CPU.ActiveCfg = Release|Any CPU
		{A13BE9DA-C447-4AA2-9ABD-C356B31B4881}.Release|Any CPU.Build.0 = Release|Any CPU
		{4AA3654E-4EE9-4538-B2F8-6C93280137D4}.Debug|Any CPU.ActiveCfg = Debug|Any CPU
		{4AA3654E-4EE9-4538-B2F8-6C93280137D4}.Debug|Any CPU.Build.0 = Debug|Any CPU
		{4AA3654E-4EE9-4538-B2F8-6C93280137D4}.Release|Any CPU.ActiveCfg = Release|Any CPU
		{4AA3654E-4EE9-4538-B2F8-6C93280137D4}.Release|Any CPU.Build.0 = Release|Any CPU
		{D2437300-1590-4313-9206-503BA1E42A2F}.Debug|Any CPU.ActiveCfg = Debug|Any CPU
		{D2437300-1590-4313-9206-503BA1E42A2F}.Debug|Any CPU.Build.0 = Debug|Any CPU
		{D2437300-1590-4313-9206-503BA1E42A2F}.Release|Any CPU.ActiveCfg = Release|Any CPU
		{D2437300-1590-4313-9206-503BA1E42A2F}.Release|Any CPU.Build.0 = Release|Any CPU
		{FE01F52E-6592-4301-B208-266FAAEA5CC7}.Debug|Any CPU.ActiveCfg = Debug|Any CPU
		{FE01F52E-6592-4301-B208-266FAAEA5CC7}.Debug|Any CPU.Build.0 = Debug|Any CPU
		{FE01F52E-6592-4301-B208-266FAAEA5CC7}.Release|Any CPU.ActiveCfg = Release|Any CPU
		{FE01F52E-6592-4301-B208-266FAAEA5CC7}.Release|Any CPU.Build.0 = Release|Any CPU
		{71FA30C5-3EE2-414B-8196-6B3E1FBAFE38}.Debug|Any CPU.ActiveCfg = Debug|Any CPU
		{71FA30C5-3EE2-414B-8196-6B3E1FBAFE38}.Debug|Any CPU.Build.0 = Debug|Any CPU
		{71FA30C5-3EE2-414B-8196-6B3E1FBAFE38}.Release|Any CPU.ActiveCfg = Release|Any CPU
		{71FA30C5-3EE2-414B-8196-6B3E1FBAFE38}.Release|Any CPU.Build.0 = Release|Any CPU
	EndGlobalSection
	GlobalSection(SolutionProperties) = preSolution
		HideSolutionNode = FALSE
	EndGlobalSection
	GlobalSection(ExtensibilityGlobals) = postSolution
		SolutionGuid = {93561F8A-B63F-428B-97A7-1B559C40364C}
	EndGlobalSection
EndGlobal
